# THIS IS AN AUTOGENERATED FILE. DO NOT EDIT THIS FILE DIRECTLY.
# yarn lockfile v1


"@dcl/amd@6.8.1":
  version "6.8.1"
  resolved "https://registry.yarnpkg.com/@dcl/amd/-/amd-6.8.1.tgz#02eaabd1f1c8eeb4d418e61d52778357e77459ed"
  integrity sha512-B2E9mRmktR9ih7eli0O3j3injW42yEwJAp/EaVCN4bOZKYEBAxM26e09701sYLZlylf2wECkeGea4pA0bgvfHg==

"@dcl/build-ecs@6.8.1":
  version "6.8.1"
  resolved "https://registry.yarnpkg.com/@dcl/build-ecs/-/build-ecs-6.8.1.tgz#22083acbfcd24cf0c337e0310278645f90560e28"
  integrity sha512-w2RnYUHLJRW+rj2cZdx0fBMJk1U/pq+MzWOVxE8go0MHUvwcqAf66QKSe+zR5pt6Xpapv3UiZ9FkzYteVSU6LA==
  dependencies:
    terser "^5.7.2"
    typescript "^4.4.2"

"@dcl/kernel@1.0.0-1728675769.commit-4a4b94d":
  version "1.0.0-1728675769.commit-4a4b94d"
  resolved "https://registry.yarnpkg.com/@dcl/kernel/-/kernel-1.0.0-1728675769.commit-4a4b94d.tgz#471a536d579a6ae167ea2755aafbd4bb7bb5695d"
  integrity sha512-Ke2DtAtoM5TmCkFvYuJl7A2AsUAhp2bhGw62LccMjmtP9voqVRDPbxUgsijx6wwXlc+rqJAYJwbsakgoHY51FQ==

"@dcl/posix@^1.0.4":
  version "1.0.4"
  resolved "https://registry.yarnpkg.com/@dcl/posix/-/posix-1.0.4.tgz#35c0560e6ce408ee429f0ab622f7fdc97d21656b"
  integrity sha512-Z0zpNr2HAxn2cLWUadWGlzaG48Z+N3hg2bI20UH+OT8NJtvCJnAwVBshAG83iAn4BTC+CsUsk4A394jrlv2ZIQ==

"@dcl/schemas@3.1.1":
  version "3.1.1"
  resolved "https://registry.yarnpkg.com/@dcl/schemas/-/schemas-3.1.1.tgz#9bb118fe14a48127ebdb82d05a45be815e46ae85"
  integrity sha512-LsNpyjf6T8OM8FkuHrzO2vPoSAggBj1iKY3myoH5K+YYM1s4xBD6wZK9JTcXa9dhBfPnlrr7aJWIsJ81oztlIQ==
  dependencies:
    ajv "^7.1.0"

"@dcl/unity-renderer@^1.0.25518-20220124115455.commit-04c4bc6":
  version "1.0.25518-20220124115455.commit-04c4bc6"
  resolved "https://registry.yarnpkg.com/@dcl/unity-renderer/-/unity-renderer-1.0.25518-20220124115455.commit-04c4bc6.tgz#60ed6776334458eff9737bddd4259698c650ffba"
  integrity sha512-808IklTNlUpqdClOfu4vl2nvRRW3DD6YcvvlK9+qJf7c7CrhFIf7piSFc5C447KBanr8FNxwKLULp5pTMmJk8A==

"@types/http-proxy@^1.17.8":
  version "1.17.8"
  resolved "https://registry.yarnpkg.com/@types/http-proxy/-/http-proxy-1.17.8.tgz#968c66903e7e42b483608030ee85800f22d03f55"
  integrity sha512-5kPLG5BKpWYkw/LVOGWpiq3nEVqxiN32rTgI53Sk12/xHFQ2rG3ehI9IO+O3W2QoKeyB92dJkoka8SUm6BX1pA==
  dependencies:
    "@types/node" "*"

"@types/node@*":
  version "17.0.15"
  resolved "https://registry.yarnpkg.com/@types/node/-/node-17.0.15.tgz#97779282c09c09577120a2162e71d8380003590a"
  integrity sha512-zWt4SDDv1S9WRBNxLFxFRHxdD9tvH8f5/kg5/IaLFdnSNXsDY4eL3Q3XXN+VxUnWIhyVFDwcsmAprvwXoM/ClA==

ajv@^7.1.0:
  version "7.2.4"
  resolved "https://registry.yarnpkg.com/ajv/-/ajv-7.2.4.tgz#8e239d4d56cf884bccca8cca362f508446dc160f"
  integrity sha512-nBeQgg/ZZA3u3SYxyaDvpvDtgZ/EZPF547ARgZBrG9Bhu1vKDwAIjtIf+sDtJUKa2zOcEbmRLBRSyMraS/Oy1A==
  dependencies:
    fast-deep-equal "^3.1.1"
    json-schema-traverse "^1.0.0"
    require-from-string "^2.0.2"
    uri-js "^4.2.2"

balanced-match@^1.0.0:
  version "1.0.2"
  resolved "https://registry.yarnpkg.com/balanced-match/-/balanced-match-1.0.2.tgz#e83e3a7e3f300b34cb9d87f615fa0cbf357690ee"
  integrity sha512-3oSeUO0TMV67hN1AmbXsK4yaqU7tjiHlbxRDZOpH0KW9+CeX4bRAaX0Anxt0tx2MrpRpWwQaPwIlISEJhYU5Pw==

brace-expansion@^1.1.7:
  version "1.1.11"
  resolved "https://registry.yarnpkg.com/brace-expansion/-/brace-expansion-1.1.11.tgz#3c7fcbf529d87226f3d2f52b966ff5271eb441dd"
  integrity sha512-iCuPHDFgrHX7H2vEI/5xpz07zSHB00TpugqhmYtVmMO6518mCuRMoOYFldEBl0g187ufozdaHgWKcYFb61qGiA==
  dependencies:
    balanced-match "^1.0.0"
    concat-map "0.0.1"

braces@^3.0.1:
  version "3.0.2"
  resolved "https://registry.yarnpkg.com/braces/-/braces-3.0.2.tgz#3454e1a462ee8d599e236df336cd9ea4f8afe107"
  integrity sha512-b8um+L1RzM3WDSzvhm6gIz1yfTbBt6YTlcEKAvsmqCZZFw46z626lVj9j1yEPW33H5H+lBQpZMP1k8l+78Ha0A==
  dependencies:
    fill-range "^7.0.1"

buffer-from@^1.0.0:
  version "1.1.2"
  resolved "https://registry.yarnpkg.com/buffer-from/-/buffer-from-1.1.2.tgz#2b146a6fd72e80b4f55d255f35ed59a3a9a41bd5"
  integrity sha512-E+XQCRwSbaaiChtv6k6Dwgc+bx+Bs6vuKJHHl5kox/BaKbhiXzqQOwK4cO22yElGp2OCmjwVhT3HmxgyPGnJfQ==

commander@^2.20.0:
  version "2.20.3"
  resolved "https://registry.yarnpkg.com/commander/-/commander-2.20.3.tgz#fd485e84c03eb4881c20722ba48035e8531aeb33"
  integrity sha512-GpVkmM8vF2vQUkj2LvZmD35JxeJOLCwJ9cUkugyk2nuhbv3+mJvpLYYt+0+USMxE+oj+ey/lJEnhZw75x/OMcQ==

concat-map@0.0.1:
  version "0.0.1"
  resolved "https://registry.yarnpkg.com/concat-map/-/concat-map-0.0.1.tgz#d8a96bd77fd68df7793a73036a3ba0d5405d477b"
  integrity sha1-2Klr13/Wjfd5OnMDajug1UBdR3s=

decentraland-builder-scripts@latest:
  version "0.24.0"
  resolved "https://registry.yarnpkg.com/decentraland-builder-scripts/-/decentraland-builder-scripts-0.24.0.tgz#2117a7b3f5b35464746873fa6b240b73267ba4bb"
  integrity sha512-gqCwQCLX1oez3rACmeqmVUyYmcwZmpk2VozfBF4LRMawgX1YoInraKbuOTs+2DbrDG8zmbDGDCj6wAeLsg7irA==
  dependencies:
    decentraland-ecs "^6.1.4"

decentraland-ecs@^6.1.4, decentraland-ecs@latest:
  version "6.8.1"
  resolved "https://registry.yarnpkg.com/decentraland-ecs/-/decentraland-ecs-6.8.1.tgz#fd3f7045b361912389b1eff93391bf5437e98978"
  integrity sha512-Q8x/m1N/KbFnDN19L+j00ifjCaiA5FOADI/WqkL7oJ+9HW+jJomlVqYTQ7FMibDWwaJshe/sv060ZF+btfuujA==
  dependencies:
    "@dcl/amd" "6.8.1"
    "@dcl/build-ecs" "6.8.1"
    "@dcl/kernel" "1.0.0-1728675769.commit-4a4b94d"
    "@dcl/posix" "^1.0.4"
    "@dcl/schemas" "3.1.1"
    "@dcl/unity-renderer" "^1.0.25518-20220124115455.commit-04c4bc6"
    glob "^7.1.7"
    http-proxy-middleware "^2.0.1"
    ignore "^5.1.8"

eventemitter3@^4.0.0:
  version "4.0.7"
  resolved "https://registry.yarnpkg.com/eventemitter3/-/eventemitter3-4.0.7.tgz#2de9b68f6528d5644ef5c59526a1b4a07306169f"
  integrity sha512-8guHBZCwKnFhYdHr2ysuRWErTwhoN2X8XELRlrRwpmfeY2jjuUN4taQMsULKUVo1K4DvZl+0pgfyoysHxvmvEw==

fast-deep-equal@^3.1.1:
  version "3.1.3"
  resolved "https://registry.yarnpkg.com/fast-deep-equal/-/fast-deep-equal-3.1.3.tgz#3a7d56b559d6cbc3eb512325244e619a65c6c525"
  integrity sha512-f3qQ9oQy9j2AhBe/H9VC91wLmKBCCU/gDOnKNAYG5hswO7BLKj09Hc5HYNz9cGI++xlpDCIgDaitVs03ATR84Q==

fill-range@^7.0.1:
  version "7.0.1"
  resolved "https://registry.yarnpkg.com/fill-range/-/fill-range-7.0.1.tgz#1919a6a7c75fe38b2c7c77e5198535da9acdda40"
  integrity sha512-qOo9F+dMUmC2Lcb4BbVvnKJxTPjCm+RRpe4gDuGrzkL7mEVl/djYSu2OdQ2Pa302N4oqkSg9ir6jaLWJ2USVpQ==
  dependencies:
    to-regex-range "^5.0.1"

follow-redirects@^1.0.0:
  version "1.14.7"
  resolved "https://registry.yarnpkg.com/follow-redirects/-/follow-redirects-1.14.7.tgz#2004c02eb9436eee9a21446a6477debf17e81685"
  integrity sha512-+hbxoLbFMbRKDwohX8GkTataGqO6Jb7jGwpAlwgy2bIz25XtRm7KEzJM76R1WiNT5SwZkX4Y75SwBolkpmE7iQ==

fs.realpath@^1.0.0:
  version "1.0.0"
  resolved "https://registry.yarnpkg.com/fs.realpath/-/fs.realpath-1.0.0.tgz#1504ad2523158caa40db4a2787cb01411994ea4f"
  integrity sha1-FQStJSMVjKpA20onh8sBQRmU6k8=

glob@^7.1.7:
  version "7.2.0"
  resolved "https://registry.yarnpkg.com/glob/-/glob-7.2.0.tgz#d15535af7732e02e948f4c41628bd910293f6023"
  integrity sha512-lmLf6gtyrPq8tTjSmrO94wBeQbFR3HbLHbuyD69wuyQkImp2hWqMGB47OX65FBkPffO641IP9jWa1z4ivqG26Q==
  dependencies:
    fs.realpath "^1.0.0"
    inflight "^1.0.4"
    inherits "2"
    minimatch "^3.0.4"
    once "^1.3.0"
    path-is-absolute "^1.0.0"

http-proxy-middleware@^2.0.1:
  version "2.0.2"
  resolved "https://registry.yarnpkg.com/http-proxy-middleware/-/http-proxy-middleware-2.0.2.tgz#94d7593790aad6b3de48164f13792262f656c332"
  integrity sha512-XtmDN5w+vdFTBZaYhdJAbMqn0DP/EhkUaAeo963mojwpKMMbw6nivtFKw07D7DDOH745L5k0VL0P8KRYNEVF/g==
  dependencies:
    "@types/http-proxy" "^1.17.8"
    http-proxy "^1.18.1"
    is-glob "^4.0.1"
    is-plain-obj "^3.0.0"
    micromatch "^4.0.2"

http-proxy@^1.18.1:
  version "1.18.1"
  resolved "https://registry.yarnpkg.com/http-proxy/-/http-proxy-1.18.1.tgz#401541f0534884bbf95260334e72f88ee3976549"
  integrity sha512-7mz/721AbnJwIVbnaSv1Cz3Am0ZLT/UBwkC92VlxhXv/k/BBQfM2fXElQNC27BVGr0uwUpplYPQM9LnaBMR5NQ==
  dependencies:
    eventemitter3 "^4.0.0"
    follow-redirects "^1.0.0"
    requires-port "^1.0.0"

ignore@^5.1.8:
  version "5.2.0"
  resolved "https://registry.yarnpkg.com/ignore/-/ignore-5.2.0.tgz#6d3bac8fa7fe0d45d9f9be7bac2fc279577e345a"
  integrity sha512-CmxgYGiEPCLhfLnpPp1MoRmifwEIOgjcHXxOBjv7mY96c+eWScsOP9c112ZyLdWHi0FxHjI+4uVhKYp/gcdRmQ==

inflight@^1.0.4:
  version "1.0.6"
  resolved "https://registry.yarnpkg.com/inflight/-/inflight-1.0.6.tgz#49bd6331d7d02d0c09bc910a1075ba8165b56df9"
  integrity sha1-Sb1jMdfQLQwJvJEKEHW6gWW1bfk=
  dependencies:
    once "^1.3.0"
    wrappy "1"

inherits@2:
  version "2.0.4"
  resolved "https://registry.yarnpkg.com/inherits/-/inherits-2.0.4.tgz#0fa2c64f932917c3433a0ded55363aae37416b7c"
  integrity sha512-k/vGaX4/Yla3WzyMCvTQOXYeIHvqOKtnqBduzTHpzpQZzAskKMhZ2K+EnBiSM9zGSoIFeMpXKxa4dYeZIQqewQ==

is-extglob@^2.1.1:
  version "2.1.1"
  resolved "https://registry.yarnpkg.com/is-extglob/-/is-extglob-2.1.1.tgz#a88c02535791f02ed37c76a1b9ea9773c833f8c2"
  integrity sha1-qIwCU1eR8C7TfHahueqXc8gz+MI=

is-glob@^4.0.1:
  version "4.0.3"
  resolved "https://registry.yarnpkg.com/is-glob/-/is-glob-4.0.3.tgz#64f61e42cbbb2eec2071a9dac0b28ba1e65d5084"
  integrity sha512-xelSayHH36ZgE7ZWhli7pW34hNbNl8Ojv5KVmkJD4hBdD3th8Tfk9vYasLM+mXWOZhFkgZfxhLSnrwRr4elSSg==
  dependencies:
    is-extglob "^2.1.1"

is-number@^7.0.0:
  version "7.0.0"
  resolved "https://registry.yarnpkg.com/is-number/-/is-number-7.0.0.tgz#7535345b896734d5f80c4d06c50955527a14f12b"
  integrity sha512-41Cifkg6e8TylSpdtTpeLVMqvSBEVzTttHvERD741+pnZ8ANv0004MRL43QKPDlK9cGvNp6NZWZUBlbGXYxxng==

is-plain-obj@^3.0.0:
  version "3.0.0"
  resolved "https://registry.yarnpkg.com/is-plain-obj/-/is-plain-obj-3.0.0.tgz#af6f2ea14ac5a646183a5bbdb5baabbc156ad9d7"
  integrity sha512-gwsOE28k+23GP1B6vFl1oVh/WOzmawBrKwo5Ev6wMKzPkaXaCDIQKzLnvsA42DRlbVTWorkgTKIviAKCWkfUwA==

json-schema-traverse@^1.0.0:
  version "1.0.0"
  resolved "https://registry.yarnpkg.com/json-schema-traverse/-/json-schema-traverse-1.0.0.tgz#ae7bcb3656ab77a73ba5c49bf654f38e6b6860e2"
  integrity sha512-NM8/P9n3XjXhIZn1lLhkFaACTOURQXjWhV4BA/RnOv8xvgqtqpAX9IO4mRQxSx1Rlo4tqzeqb0sOlruaOy3dug==

micromatch@^4.0.2:
  version "4.0.4"
  resolved "https://registry.yarnpkg.com/micromatch/-/micromatch-4.0.4.tgz#896d519dfe9db25fce94ceb7a500919bf881ebf9"
  integrity sha512-pRmzw/XUcwXGpD9aI9q/0XOwLNygjETJ8y0ao0wdqprrzDa4YnxLcz7fQRZr8voh8V10kGhABbNcHVk5wHgWwg==
  dependencies:
    braces "^3.0.1"
    picomatch "^2.2.3"

minimatch@^3.0.4:
  version "3.0.4"
  resolved "https://registry.yarnpkg.com/minimatch/-/minimatch-3.0.4.tgz#5166e286457f03306064be5497e8dbb0c3d32083"
  integrity sha512-yJHVQEhyqPLUTgt9B83PXu6W3rx4MvvHvSUvToogpwoGDOUQ+yDrR0HRot+yOCdCO7u4hX3pWft6kWBBcqh0UA==
  dependencies:
    brace-expansion "^1.1.7"

once@^1.3.0:
  version "1.4.0"
  resolved "https://registry.yarnpkg.com/once/-/once-1.4.0.tgz#583b1aa775961d4b113ac17d9c50baef9dd76bd1"
  integrity sha1-WDsap3WWHUsROsF9nFC6753Xa9E=
  dependencies:
    wrappy "1"

path-is-absolute@^1.0.0:
  version "1.0.1"
  resolved "https://registry.yarnpkg.com/path-is-absolute/-/path-is-absolute-1.0.1.tgz#174b9268735534ffbc7ace6bf53a5a9e1b5c5f5f"
  integrity sha1-F0uSaHNVNP+8es5r9TpanhtcX18=

picomatch@^2.2.3:
  version "2.3.1"
  resolved "https://registry.yarnpkg.com/picomatch/-/picomatch-2.3.1.tgz#3ba3833733646d9d3e4995946c1365a67fb07a42"
  integrity sha512-JU3teHTNjmE2VCGFzuY8EXzCDVwEqB2a8fsIvwaStHhAWJEeVd1o1QD80CU6+ZdEXXSLbSsuLwJjkCBWqRQUVA==

punycode@^2.1.0:
  version "2.1.1"
  resolved "https://registry.yarnpkg.com/punycode/-/punycode-2.1.1.tgz#b58b010ac40c22c5657616c8d2c2c02c7bf479ec"
  integrity sha512-XRsRjdf+j5ml+y/6GKHPZbrF/8p2Yga0JPtdqTIY2Xe5ohJPD9saDJJLPvp9+NSBprVvevdXZybnj2cv8OEd0A==

require-from-string@^2.0.2:
  version "2.0.2"
  resolved "https://registry.yarnpkg.com/require-from-string/-/require-from-string-2.0.2.tgz#89a7fdd938261267318eafe14f9c32e598c36909"
  integrity sha512-Xf0nWe6RseziFMu+Ap9biiUbmplq6S9/p+7w7YXP/JBHhrUDDUhwa+vANyubuqfZWTveU//DYVGsDG7RKL/vEw==

requires-port@^1.0.0:
  version "1.0.0"
  resolved "https://registry.yarnpkg.com/requires-port/-/requires-port-1.0.0.tgz#925d2601d39ac485e091cf0da5c6e694dc3dcaff"
  integrity sha1-kl0mAdOaxIXgkc8NpcbmlNw9yv8=

source-map-support@~0.5.20:
  version "0.5.21"
  resolved "https://registry.yarnpkg.com/source-map-support/-/source-map-support-0.5.21.tgz#04fe7c7f9e1ed2d662233c28cb2b35b9f63f6e4f"
  integrity sha512-uBHU3L3czsIyYXKX88fdrGovxdSCoTGDRZ6SYXtSRxLZUzHg5P/66Ht6uoUlHu9EZod+inXhKo3qQgwXUT/y1w==
  dependencies:
    buffer-from "^1.0.0"
    source-map "^0.6.0"

source-map@^0.6.0:
  version "0.6.1"
  resolved "https://registry.yarnpkg.com/source-map/-/source-map-0.6.1.tgz#74722af32e9614e9c287a8d0bbde48b5e2f1a263"
  integrity sha512-UjgapumWlbMhkBgzT7Ykc5YXUT46F0iKu8SGXq0bcwP5dz/h0Plj6enJqjz1Zbq2l5WaqYnrVbwWOWMyF3F47g==

source-map@~0.7.2:
  version "0.7.3"
  resolved "https://registry.yarnpkg.com/source-map/-/source-map-0.7.3.tgz#5302f8169031735226544092e64981f751750383"
  integrity sha512-CkCj6giN3S+n9qrYiBTX5gystlENnRW5jZeNLHpe6aue+SrHcG5VYwujhW9s4dY31mEGsxBDrHR6oI69fTXsaQ==

terser@^5.7.2:
  version "5.10.0"
  resolved "https://registry.yarnpkg.com/terser/-/terser-5.10.0.tgz#b86390809c0389105eb0a0b62397563096ddafcc"
  integrity sha512-AMmF99DMfEDiRJfxfY5jj5wNH/bYO09cniSqhfoyxc8sFoYIgkJy86G04UoZU5VjlpnplVu0K6Tx6E9b5+DlHA==
  dependencies:
    commander "^2.20.0"
    source-map "~0.7.2"
    source-map-support "~0.5.20"

to-regex-range@^5.0.1:
  version "5.0.1"
  resolved "https://registry.yarnpkg.com/to-regex-range/-/to-regex-range-5.0.1.tgz#1648c44aae7c8d988a326018ed72f5b4dd0392e4"
  integrity sha512-65P7iz6X5yEr1cwcgvQxbbIw7Uk3gOy5dIdtZ4rDveLqhrdJP+Li/Hx6tyK0NEb+2GCyneCMJiGqrADCSNk8sQ==
  dependencies:
    is-number "^7.0.0"

typescript@^4.4.2:
  version "4.5.5"
  resolved "https://registry.yarnpkg.com/typescript/-/typescript-4.5.5.tgz#d8c953832d28924a9e3d37c73d729c846c5896f3"
  integrity sha512-TCTIul70LyWe6IJWT8QSYeA54WQe8EjQFU4wY52Fasj5UKx88LNYKCgBEHcOMOrFF1rKGbD8v/xcNWVUq9SymA==

uri-js@^4.2.2:
  version "4.4.1"
  resolved "https://registry.yarnpkg.com/uri-js/-/uri-js-4.4.1.tgz#9b1a52595225859e55f669d928f88c6c57f2a77e"
  integrity sha512-7rKUyy33Q1yc98pQ1DAmLtwX109F7TIfWlW1Ydo8Wl1ii1SeHieeh0HHfPeL2fMXK6z0s8ecKs9frCuLJvndBg==
  dependencies:
    punycode "^2.1.0"

wrappy@1:
  version "1.0.2"
  resolved "https://registry.yarnpkg.com/wrappy/-/wrappy-1.0.2.tgz#b5243d8f3ec1aa35f1364605bc0d1036e30ab69f"
  integrity sha1-tSQ9jz7BqjXxNkYFvA0QNuMKtp8=
